
Microsoft Visual Studio Solution File, Format Version 12.00
# Visual Studio Version 17
VisualStudioVersion = 17.8.34330.188
MinimumVisualStudioVersion = 10.0.40219.1
Project("{FAE04EC0-301F-11D3-BF4B-00C04F79EFBC}") = "webapp98", "webapp98\webapp98.csproj", "{CEEEA64A-1B34-45D6-98DA-34F2B533D254}"
EndProject
Global
	GlobalSection(SolutionConfigurationPlatforms) = preSolution
		Debug|Any CPU = Debug|Any CPU
		Release|Any CPU = Release|Any CPU
	EndGlobalSection
	GlobalSection(ProjectConfigurationPlatforms) = postSolution
		{CEEEA64A-1B34-45D6-98DA-34F2B533D254}.Debug|Any CPU.ActiveCfg = Debug|Any CPU
		{CEEEA64A-1B34-45D6-98DA-34F2B533D254}.Debug|Any CPU.Build.0 = Debug|Any CPU
		{CEEEA64A-1B34-45D6-98DA-34F2B533D254}.Release|Any CPU.ActiveCfg = Release|Any CPU
		{CEEEA64A-1B34-45D6-98DA-34F2B533D254}.Release|Any CPU.Build.0 = Release|Any CPU
	EndGlobalSection
	GlobalSection(SolutionProperties) = preSolution
		HideSolutionNode = FALSE
	EndGlobalSection
	GlobalSection(ExtensibilityGlobals) = postSolution
		SolutionGuid = {7501CE4E-F4CC-4E32-B23D-D97B7EF9ECC1}
	EndGlobalSection
EndGlobal
